<?xml version="1.0" encoding="utf-8"?>
<Project ToolsVersion="4.0" xmlns="http://schemas.microsoft.com/developer/msbuild/2003">
  <ItemGroup>
    <Filter Include="Architecture">
      <UniqueIdentifier>{282F98C7-1492-276C-BD17-6022A959F3EE}</UniqueIdentifier>
    </Filter>
    <Filter Include="Logging">
      <UniqueIdentifier>{AC6878E8-1848-F783-2160-825A8DBE5DE5}</UniqueIdentifier>
    </Filter>
    <Filter Include="SDL">
      <UniqueIdentifier>{081D880B-7426-887C-FDA1-9E7C69AA937C}</UniqueIdentifier>
    </Filter>
  </ItemGroup>
  <ItemGroup>
    <ClInclude Include="src\Architecture\Application.h">
      <Filter>Architecture</Filter>
    </ClInclude>
    <ClInclude Include="src\Architecture\Macros.h">
      <Filter>Architecture</Filter>
    </ClInclude>
    <ClInclude Include="src\Architecture\main.h">
      <Filter>Architecture</Filter>
    </ClInclude>
    <ClInclude Include="src\Libs.h" />
    <ClInclude Include="src\Logging\Console.h">
      <Filter>Logging</Filter>
    </ClInclude>
    <ClInclude Include="src\SDL\SDL_INIT.h">
      <Filter>SDL</Filter>
    </ClInclude>
  </ItemGroup>
  <ItemGroup>
    <ClCompile Include="src\Architecture\Application.cpp">
      <Filter>Architecture</Filter>
    </ClCompile>
    <ClCompile Include="Console.cpp">
      <Filter>Logging</Filter>
    </ClCompile>
  </ItemGroup>
</Project>